
Microsoft Visual Studio Solution File, Format Version 12.00
# Visual Studio Version 17
VisualStudioVersion = 17.8.34330.188
MinimumVisualStudioVersion = 10.0.40219.1
Project("{9A19103F-16F7-4668-BE54-9A1E7A4F7556}") = "MomoMecha", "MomoMecha\MomoMecha.csproj", "{1E9F48A1-503C-4B27-8A08-DF4F2C7BBB70}"
EndProject
Global
	GlobalSection(SolutionConfigurationPlatforms) = preSolution
		Debug|Any CPU = Debug|Any CPU
		Release|Any CPU = Release|Any CPU
	EndGlobalSection
	GlobalSection(ProjectConfigurationPlatforms) = postSolution
		{1E9F48A1-503C-4B27-8A08-DF4F2C7BBB70}.Debug|Any CPU.ActiveCfg = Debug|Any CPU
		{1E9F48A1-503C-4B27-8A08-DF4F2C7BBB70}.Debug|Any CPU.Build.0 = Debug|Any CPU
		{1E9F48A1-503C-4B27-8A08-DF4F2C7BBB70}.Release|Any CPU.ActiveCfg = Release|Any CPU
		{1E9F48A1-503C-4B27-8A08-DF4F2C7BBB70}.Release|Any CPU.Build.0 = Release|Any CPU
	EndGlobalSection
	GlobalSection(SolutionProperties) = preSolution
		HideSolutionNode = FALSE
	EndGlobalSection
	GlobalSection(ExtensibilityGlobals) = postSolution
		SolutionGuid = {2939E584-7CD8-40BE-A6EE-D189D46D95EB}
	EndGlobalSection
EndGlobal
